
Microsoft Visual Studio Solution File, Format Version 12.00
# Visual Studio Version 17
VisualStudioVersion = 17.11.35312.102
MinimumVisualStudioVersion = 10.0.40219.1
Project("{FAE04EC0-301F-11D3-BF4B-00C04F79EFBC}") = "ConsoleApp4", "ConsoleApp4\ConsoleApp4.csproj", "{07FF6DD4-ECF1-4065-B80A-DC1A406E46EE}"
EndProject
Global
	GlobalSection(SolutionConfigurationPlatforms) = preSolution
		Debug|Any CPU = Debug|Any CPU
		Release|Any CPU = Release|Any CPU
	EndGlobalSection
	GlobalSection(ProjectConfigurationPlatforms) = postSolution
		{07FF6DD4-ECF1-4065-B80A-DC1A406E46EE}.Debug|Any CPU.ActiveCfg = Debug|Any CPU
		{07FF6DD4-ECF1-4065-B80A-DC1A406E46EE}.Debug|Any CPU.Build.0 = Debug|Any CPU
		{07FF6DD4-ECF1-4065-B80A-DC1A406E46EE}.Release|Any CPU.ActiveCfg = Release|Any CPU
		{07FF6DD4-ECF1-4065-B80A-DC1A406E46EE}.Release|Any CPU.Build.0 = Release|Any CPU
	EndGlobalSection
	GlobalSection(SolutionProperties) = preSolution
		HideSolutionNode = FALSE
	EndGlobalSection
	GlobalSection(ExtensibilityGlobals) = postSolution
		SolutionGuid = {98350993-4A13-49E4-BEE8-E121696B498D}
	EndGlobalSection
EndGlobal
